
Microsoft Visual Studio Solution File, Format Version 12.00
# Visual Studio Version 17
VisualStudioVersion = 17.13.35828.75 d17.13
MinimumVisualStudioVersion = 10.0.40219.1
Project("{FAE04EC0-301F-11D3-BF4B-00C04F79EFBC}") = "REDE-LUZ.API", "REDE-LUZ.API\REDE-LUZ.API.csproj", "{AA524BC7-C9A1-42A7-AC85-4ED1768DF407}"
EndProject
Global
	GlobalSection(SolutionConfigurationPlatforms) = preSolution
		Debug|Any CPU = Debug|Any CPU
		Release|Any CPU = Release|Any CPU
	EndGlobalSection
	GlobalSection(ProjectConfigurationPlatforms) = postSolution
		{AA524BC7-C9A1-42A7-AC85-4ED1768DF407}.Debug|Any CPU.ActiveCfg = Debug|Any CPU
		{AA524BC7-C9A1-42A7-AC85-4ED1768DF407}.Debug|Any CPU.Build.0 = Debug|Any CPU
		{AA524BC7-C9A1-42A7-AC85-4ED1768DF407}.Release|Any CPU.ActiveCfg = Release|Any CPU
		{AA524BC7-C9A1-42A7-AC85-4ED1768DF407}.Release|Any CPU.Build.0 = Release|Any CPU
	EndGlobalSection
	GlobalSection(SolutionProperties) = preSolution
		HideSolutionNode = FALSE
	EndGlobalSection
	GlobalSection(ExtensibilityGlobals) = postSolution
		SolutionGuid = {E9573E5C-74C2-4981-8398-0638D9219953}
	EndGlobalSection
EndGlobal
